// !$*UTF8*$!
{
	archiveVersion = 1;
	classes = {
	};
	objectVersion = 46;
	objects = {

/* Begin PBXBuildFile section */
		873FC1291E22D7B40089AE60 /* common.c in Sources */ = {isa = PBXBuildFile; fileRef = 873FC11E1E22D7B40089AE60 /* common.c */; };
		873FC12A1E22D7B40089AE60 /* dfu.c in Sources */ = {isa = PBXBuildFile; fileRef = 873FC1201E22D7B40089AE60 /* dfu.c */; };
		873FC12B1E22D7B40089AE60 /* idevicerestore.c in Sources */ = {isa = PBXBuildFile; fileRef = 873FC1231E22D7B40089AE60 /* idevicerestore.c */; };
		873FC12C1E22D7B40089AE60 /* normal.c in Sources */ = {isa = PBXBuildFile; fileRef = 873FC1251E22D7B40089AE60 /* normal.c */; };
		873FC12D1E22D7B40089AE60 /* recovery.c in Sources */ = {isa = PBXBuildFile; fileRef = 873FC1271E22D7B40089AE60 /* recovery.c */; };
		873FC1301E22D7E40089AE60 /* libimobiledevice.6.dylib in Frameworks */ = {isa = PBXBuildFile; fileRef = 873FC12F1E22D7E40089AE60 /* libimobiledevice.6.dylib */; };
		873FC1321E22D7F60089AE60 /* libirecovery.2.dylib in Frameworks */ = {isa = PBXBuildFile; fileRef = 873FC1311E22D7F60089AE60 /* libirecovery.2.dylib */; };
		873FC1341E22D80A0089AE60 /* libplist.3.dylib in Frameworks */ = {isa = PBXBuildFile; fileRef = 873FC1331E22D80A0089AE60 /* libplist.3.dylib */; };
		87FBE6521D2BCC0700FB5E05 /* main.c in Sources */ = {isa = PBXBuildFile; fileRef = 87FBE6511D2BCC0700FB5E05 /* main.c */; };
/* End PBXBuildFile section */

/* Begin PBXCopyFilesBuildPhase section */
		87FBE64C1D2BCC0700FB5E05 /* CopyFiles */ = {
			isa = PBXCopyFilesBuildPhase;
			buildActionMask = 2147483647;
			dstPath = /usr/share/man/man1/;
			dstSubfolderSpec = 0;
			files = (
			);
			runOnlyForDeploymentPostprocessing = 1;
		};
/* End PBXCopyFilesBuildPhase section */

/* Begin PBXFileReference section */
		873FC11E1E22D7B40089AE60 /* common.c */ = {isa = PBXFileReference; fileEncoding = 4; lastKnownFileType = sourcecode.c.c; path = common.c; sourceTree = "<group>"; };
		873FC11F1E22D7B40089AE60 /* common.h */ = {isa = PBXFileReference; fileEncoding = 4; lastKnownFileType = sourcecode.c.h; path = common.h; sourceTree = "<group>"; };
		873FC1201E22D7B40089AE60 /* dfu.c */ = {isa = PBXFileReference; fileEncoding = 4; lastKnownFileType = sourcecode.c.c; path = dfu.c; sourceTree = "<group>"; };
		873FC1211E22D7B40089AE60 /* dfu.h */ = {isa = PBXFileReference; fileEncoding = 4; lastKnownFileType = sourcecode.c.h; path = dfu.h; sourceTree = "<group>"; };
		873FC1221E22D7B40089AE60 /* endianness.h */ = {isa = PBXFileReference; fileEncoding = 4; lastKnownFileType = sourcecode.c.h; path = endianness.h; sourceTree = "<group>"; };
		873FC1231E22D7B40089AE60 /* idevicerestore.c */ = {isa = PBXFileReference; fileEncoding = 4; lastKnownFileType = sourcecode.c.c; path = idevicerestore.c; sourceTree = "<group>"; };
		873FC1241E22D7B40089AE60 /* idevicerestore.h */ = {isa = PBXFileReference; fileEncoding = 4; lastKnownFileType = sourcecode.c.h; path = idevicerestore.h; sourceTree = "<group>"; };
		873FC1251E22D7B40089AE60 /* normal.c */ = {isa = PBXFileReference; fileEncoding = 4; lastKnownFileType = sourcecode.c.c; path = normal.c; sourceTree = "<group>"; };
		873FC1261E22D7B40089AE60 /* normal.h */ = {isa = PBXFileReference; fileEncoding = 4; lastKnownFileType = sourcecode.c.h; path = normal.h; sourceTree = "<group>"; };
		873FC1271E22D7B40089AE60 /* recovery.c */ = {isa = PBXFileReference; fileEncoding = 4; lastKnownFileType = sourcecode.c.c; path = recovery.c; sourceTree = "<group>"; };
		873FC1281E22D7B40089AE60 /* recovery.h */ = {isa = PBXFileReference; fileEncoding = 4; lastKnownFileType = sourcecode.c.h; path = recovery.h; sourceTree = "<group>"; };
		873FC12F1E22D7E40089AE60 /* libimobiledevice.6.dylib */ = {isa = PBXFileReference; lastKnownFileType = "compiled.mach-o.dylib"; name = libimobiledevice.6.dylib; path = ../../../../usr/local/lib/libimobiledevice.6.dylib; sourceTree = "<group>"; };
		873FC1311E22D7F60089AE60 /* libirecovery.2.dylib */ = {isa = PBXFileReference; lastKnownFileType = "compiled.mach-o.dylib"; name = libirecovery.2.dylib; path = ../../../../usr/local/lib/libirecovery.2.dylib; sourceTree = "<group>"; };
		873FC1331E22D80A0089AE60 /* libplist.3.dylib */ = {isa = PBXFileReference; lastKnownFileType = "compiled.mach-o.dylib"; name = libplist.3.dylib; path = ../../../../usr/local/lib/libplist.3.dylib; sourceTree = "<group>"; };
		873FC1351E22D81A0089AE60 /* all_igetnonce.h */ = {isa = PBXFileReference; lastKnownFileType = sourcecode.c.h; path = all_igetnonce.h; sourceTree = "<group>"; };
		87FBE64E1D2BCC0700FB5E05 /* igetnonce */ = {isa = PBXFileReference; explicitFileType = "compiled.mach-o.executable"; includeInIndex = 0; path = igetnonce; sourceTree = BUILT_PRODUCTS_DIR; };
		87FBE6511D2BCC0700FB5E05 /* main.c */ = {isa = PBXFileReference; lastKnownFileType = sourcecode.c.c; path = main.c; sourceTree = "<group>"; };
/* End PBXFileReference section */

/* Begin PBXFrameworksBuildPhase section */
		87FBE64B1D2BCC0700FB5E05 /* Frameworks */ = {
			isa = PBXFrameworksBuildPhase;
			buildActionMask = 2147483647;
			files = (
				873FC1341E22D80A0089AE60 /* libplist.3.dylib in Frameworks */,
				873FC1321E22D7F60089AE60 /* libirecovery.2.dylib in Frameworks */,
				873FC1301E22D7E40089AE60 /* libimobiledevice.6.dylib in Frameworks */,
			);
			runOnlyForDeploymentPostprocessing = 0;
		};
/* End PBXFrameworksBuildPhase section */

/* Begin PBXGroup section */
		873FC12E1E22D7E40089AE60 /* Frameworks */ = {
			isa = PBXGroup;
			children = (
				873FC1331E22D80A0089AE60 /* libplist.3.dylib */,
				873FC1311E22D7F60089AE60 /* libirecovery.2.dylib */,
				873FC12F1E22D7E40089AE60 /* libimobiledevice.6.dylib */,
			);
			name = Frameworks;
			sourceTree = "<group>";
		};
		87FBE6451D2BCC0700FB5E05 = {
			isa = PBXGroup;
			children = (
				87FBE6501D2BCC0700FB5E05 /* igetnonce */,
				87FBE64F1D2BCC0700FB5E05 /* Products */,
				873FC12E1E22D7E40089AE60 /* Frameworks */,
			);
			sourceTree = "<group>";
		};
		87FBE64F1D2BCC0700FB5E05 /* Products */ = {
			isa = PBXGroup;
			children = (
				87FBE64E1D2BCC0700FB5E05 /* igetnonce */,
			);
			name = Products;
			sourceTree = "<group>";
		};
		87FBE6501D2BCC0700FB5E05 /* igetnonce */ = {
			isa = PBXGroup;
			children = (
				873FC1351E22D81A0089AE60 /* all_igetnonce.h */,
				873FC11E1E22D7B40089AE60 /* common.c */,
				873FC11F1E22D7B40089AE60 /* common.h */,
				873FC1201E22D7B40089AE60 /* dfu.c */,
				873FC1211E22D7B40089AE60 /* dfu.h */,
				873FC1221E22D7B40089AE60 /* endianness.h */,
				873FC1231E22D7B40089AE60 /* idevicerestore.c */,
				873FC1241E22D7B40089AE60 /* idevicerestore.h */,
				873FC1251E22D7B40089AE60 /* normal.c */,
				873FC1261E22D7B40089AE60 /* normal.h */,
				873FC1271E22D7B40089AE60 /* recovery.c */,
				873FC1281E22D7B40089AE60 /* recovery.h */,
				87FBE6511D2BCC0700FB5E05 /* main.c */,
			);
			path = igetnonce;
			sourceTree = "<group>";
		};
/* End PBXGroup section */

/* Begin PBXNativeTarget section */
		87FBE64D1D2BCC0700FB5E05 /* igetnonce */ = {
			isa = PBXNativeTarget;
			buildConfigurationList = 87FBE6551D2BCC0700FB5E05 /* Build configuration list for PBXNativeTarget "igetnonce" */;
			buildPhases = (
				87FBE64A1D2BCC0700FB5E05 /* Sources */,
				87FBE64B1D2BCC0700FB5E05 /* Frameworks */,
				87FBE64C1D2BCC0700FB5E05 /* CopyFiles */,
			);
			buildRules = (
			);
			dependencies = (
			);
			name = igetnonce;
			productName = igetnonce;
			productReference = 87FBE64E1D2BCC0700FB5E05 /* igetnonce */;
			productType = "com.apple.product-type.tool";
		};
/* End PBXNativeTarget section */

/* Begin PBXProject section */
		87FBE6461D2BCC0700FB5E05 /* Project object */ = {
			isa = PBXProject;
			attributes = {
				LastUpgradeCheck = 0720;
				ORGANIZATIONNAME = tihmstar;
				TargetAttributes = {
					87FBE64D1D2BCC0700FB5E05 = {
						CreatedOnToolsVersion = 7.2;
					};
				};
			};
			buildConfigurationList = 87FBE6491D2BCC0700FB5E05 /* Build configuration list for PBXProject "igetnonce" */;
			compatibilityVersion = "Xcode 3.2";
			developmentRegion = English;
			hasScannedForEncodings = 0;
			knownRegions = (
				en,
			);
			mainGroup = 87FBE6451D2BCC0700FB5E05;
			productRefGroup = 87FBE64F1D2BCC0700FB5E05 /* Products */;
			projectDirPath = "";
			projectRoot = "";
			targets = (
				87FBE64D1D2BCC0700FB5E05 /* igetnonce */,
			);
		};
/* End PBXProject section */

/* Begin PBXSourcesBuildPhase section */
		87FBE64A1D2BCC0700FB5E05 /* Sources */ = {
			isa = PBXSourcesBuildPhase;
			buildActionMask = 2147483647;
			files = (
				873FC12D1E22D7B40089AE60 /* recovery.c in Sources */,
				873FC12A1E22D7B40089AE60 /* dfu.c in Sources */,
				873FC12C1E22D7B40089AE60 /* normal.c in Sources */,
				873FC1291E22D7B40089AE60 /* common.c in Sources */,
				873FC12B1E22D7B40089AE60 /* idevicerestore.c in Sources */,
				87FBE6521D2BCC0700FB5E05 /* main.c in Sources */,
			);
			runOnlyForDeploymentPostprocessing = 0;
		};
/* End PBXSourcesBuildPhase section */

/* Begin XCBuildConfiguration section */
		87FBE6531D2BCC0700FB5E05 /* Debug */ = {
			isa = XCBuildConfiguration;
			buildSettings = {
				ALWAYS_SEARCH_USER_PATHS = NO;
				CLANG_CXX_LANGUAGE_STANDARD = "gnu++0x";
				CLANG_CXX_LIBRARY = "libc++";
				CLANG_ENABLE_MODULES = YES;
				CLANG_ENABLE_OBJC_ARC = YES;
				CLANG_WARN_BOOL_CONVERSION = YES;
				CLANG_WARN_CONSTANT_CONVERSION = YES;
				CLANG_WARN_DIRECT_OBJC_ISA_USAGE = YES_ERROR;
				CLANG_WARN_EMPTY_BODY = YES;
				CLANG_WARN_ENUM_CONVERSION = YES;
				CLANG_WARN_INT_CONVERSION = YES;
				CLANG_WARN_OBJC_ROOT_CLASS = YES_ERROR;
				CLANG_WARN_UNREACHABLE_CODE = YES;
				CLANG_WARN__DUPLICATE_METHOD_MATCH = YES;
				CODE_SIGN_IDENTITY = "-";
				COPY_PHASE_STRIP = NO;
				DEBUG_INFORMATION_FORMAT = dwarf;
				ENABLE_STRICT_OBJC_MSGSEND = YES;
				ENABLE_TESTABILITY = YES;
				GCC_C_LANGUAGE_STANDARD = gnu99;
				GCC_DYNAMIC_NO_PIC = NO;
				GCC_NO_COMMON_BLOCKS = YES;
				GCC_OPTIMIZATION_LEVEL = 0;
				GCC_PREPROCESSOR_DEFINITIONS = (
					"DEBUG=1",
					"$(inherited)",
				);
				GCC_WARN_64_TO_32_BIT_CONVERSION = YES;
				GCC_WARN_ABOUT_RETURN_TYPE = YES_ERROR;
				GCC_WARN_UNDECLARED_SELECTOR = YES;
				GCC_WARN_UNINITIALIZED_AUTOS = YES_AGGRESSIVE;
				GCC_WARN_UNUSED_FUNCTION = YES;
				GCC_WARN_UNUSED_VARIABLE = YES;
				MACOSX_DEPLOYMENT_TARGET = 10.11;
				MTL_ENABLE_DEBUG_INFO = YES;
				ONLY_ACTIVE_ARCH = YES;
				SDKROOT = macosx;
			};
			name = Debug;
		};
		87FBE6541D2BCC0700FB5E05 /* Release */ = {
			isa = XCBuildConfiguration;
			buildSettings = {
				ALWAYS_SEARCH_USER_PATHS = NO;
				CLANG_CXX_LANGUAGE_STANDARD = "gnu++0x";
				CLANG_CXX_LIBRARY = "libc++";
				CLANG_ENABLE_MODULES = YES;
				CLANG_ENABLE_OBJC_ARC = YES;
				CLANG_WARN_BOOL_CONVERSION = YES;
				CLANG_WARN_CONSTANT_CONVERSION = YES;
				CLANG_WARN_DIRECT_OBJC_ISA_USAGE = YES_ERROR;
				CLANG_WARN_EMPTY_BODY = YES;
				CLANG_WARN_ENUM_CONVERSION = YES;
				CLANG_WARN_INT_CONVERSION = YES;
				CLANG_WARN_OBJC_ROOT_CLASS = YES_ERROR;
				CLANG_WARN_UNREACHABLE_CODE = YES;
				CLANG_WARN__DUPLICATE_METHOD_MATCH = YES;
				CODE_SIGN_IDENTITY = "-";
				COPY_PHASE_STRIP = NO;
				DEBUG_INFORMATION_FORMAT = "dwarf-with-dsym";
				ENABLE_NS_ASSERTIONS = NO;
				ENABLE_STRICT_OBJC_MSGSEND = YES;
				GCC_C_LANGUAGE_STANDARD = gnu99;
				GCC_NO_COMMON_BLOCKS = YES;
				GCC_WARN_64_TO_32_BIT_CONVERSION = YES;
				GCC_WARN_ABOUT_RETURN_TYPE = YES_ERROR;
				GCC_WARN_UNDECLARED_SELECTOR = YES;
				GCC_WARN_UNINITIALIZED_AUTOS = YES_AGGRESSIVE;
				GCC_WARN_UNUSED_FUNCTION = YES;
				GCC_WARN_UNUSED_VARIABLE = YES;
				MACOSX_DEPLOYMENT_TARGET = 10.11;
				MTL_ENABLE_DEBUG_INFO = NO;
				SDKROOT = macosx;
			};
			name = Release;
		};
		87FBE6561D2BCC0700FB5E05 /* Debug */ = {
			isa = XCBuildConfiguration;
			buildSettings = {
				ALWAYS_SEARCH_USER_PATHS = YES;
				HEADER_SEARCH_PATHS = /usr/local/include;
				LIBRARY_SEARCH_PATHS = /usr/local/lib;
				PRODUCT_NAME = "$(TARGET_NAME)";
			};
			name = Debug;
		};
		87FBE6571D2BCC0700FB5E05 /* Release */ = {
			isa = XCBuildConfiguration;
			buildSettings = {
				ALWAYS_SEARCH_USER_PATHS = YES;
				HEADER_SEARCH_PATHS = /usr/local/include;
				LIBRARY_SEARCH_PATHS = /usr/local/lib;
				PRODUCT_NAME = "$(TARGET_NAME)";
			};
			name = Release;
		};
/* End XCBuildConfiguration section */

/* Begin XCConfigurationList section */
		87FBE6491D2BCC0700FB5E05 /* Build configuration list for PBXProject "igetnonce" */ = {
			isa = XCConfigurationList;
			buildConfigurations = (
				87FBE6531D2BCC0700FB5E05 /* Debug */,
				87FBE6541D2BCC0700FB5E05 /* Release */,
			);
			defaultConfigurationIsVisible = 0;
			defaultConfigurationName = Release;
		};
		87FBE6551D2BCC0700FB5E05 /* Build configuration list for PBXNativeTarget "igetnonce" */ = {
			isa = XCConfigurationList;
			buildConfigurations = (
				87FBE6561D2BCC0700FB5E05 /* Debug */,
				87FBE6571D2BCC0700FB5E05 /* Release */,
			);
			defaultConfigurationIsVisible = 0;
			defaultConfigurationName = Release;
		};
/* End XCConfigurationList section */
	};
	rootObject = 87FBE6461D2BCC0700FB5E05 /* Project object */;
}
